// !$*UTF8*$!
{
	archiveVersion = 1;
	classes = {
	};
	objectVersion = 46;
	objects = {

/* Begin PBXGroup section */
		C30C6218183E0DFB008FC851 = {
			isa = PBXGroup;
			children = (
			);
			sourceTree = "<group>";
		};
/* End PBXGroup section */

/* Begin PBXProject section */
		C30C6219183E0DFB008FC851 /* Project object */ = {
			isa = PBXProject;
			attributes = {
				LastUpgradeCheck = 0500;
			};
			buildConfigurationList = C30C621C183E0DFB008FC851 /* Build configuration list for PBXProject "JoyOfPHP" */;
			compatibilityVersion = "Xcode 3.2";
			developmentRegion = English;
			hasScannedForEncodings = 0;
			knownRegions = (
				en,
			);
			mainGroup = C30C6218183E0DFB008FC851;
			projectDirPath = "";
			projectRoot = "";
			targets = (
			);
		};
/* End PBXProject section */

/* Begin XCBuildConfiguration section */
		C30C621D183E0DFB008FC851 /* Debug */ = {
			isa = XCBuildConfiguration;
			buildSettings = {
			};
			name = Debug;
		};
		C30C621E183E0DFB008FC851 /* Release */ = {
			isa = XCBuildConfiguration;
			buildSettings = {
			};
			name = Release;
		};
/* End XCBuildConfiguration section */

/* Begin XCConfigurationList section */
		C30C621C183E0DFB008FC851 /* Build configuration list for PBXProject "JoyOfPHP" */ = {
			isa = XCConfigurationList;
			buildConfigurations = (
				C30C621D183E0DFB008FC851 /* Debug */,
				C30C621E183E0DFB008FC851 /* Release */,
			);
			defaultConfigurationIsVisible = 0;
			defaultConfigurationName = Release;
		};
/* End XCConfigurationList section */
	};
	rootObject = C30C6219183E0DFB008FC851 /* Project object */;
}
